
Microsoft Visual Studio Solution File, Format Version 12.00
# Visual Studio Version 16
VisualStudioVersion = 16.0.30406.217
MinimumVisualStudioVersion = 10.0.40219.1
Project("{FAE04EC0-301F-11D3-BF4B-00C04F79EFBC}") = "IMC", "IMC\IMC.csproj", "{44505C28-698D-45E5-B9B4-DC2364F06350}"
EndProject
Global
	GlobalSection(SolutionConfigurationPlatforms) = preSolution
		Debug|Any CPU = Debug|Any CPU
		Release|Any CPU = Release|Any CPU
	EndGlobalSection
	GlobalSection(ProjectConfigurationPlatforms) = postSolution
		{44505C28-698D-45E5-B9B4-DC2364F06350}.Debug|Any CPU.ActiveCfg = Debug|Any CPU
		{44505C28-698D-45E5-B9B4-DC2364F06350}.Debug|Any CPU.Build.0 = Debug|Any CPU
		{44505C28-698D-45E5-B9B4-DC2364F06350}.Release|Any CPU.ActiveCfg = Release|Any CPU
		{44505C28-698D-45E5-B9B4-DC2364F06350}.Release|Any CPU.Build.0 = Release|Any CPU
	EndGlobalSection
	GlobalSection(SolutionProperties) = preSolution
		HideSolutionNode = FALSE
	EndGlobalSection
	GlobalSection(ExtensibilityGlobals) = postSolution
		SolutionGuid = {712DBF40-2EAE-459E-8197-82F9839D8CCD}
	EndGlobalSection
EndGlobal
